github.com/AdrianLungu/decimal v0.0.0-20160513203630-9d980d3d4d03 h1:c6bkw7WM0hm/TxMnPFhTYuPj+9BnklyPZuoox21VR4M=
github.com/AdrianLungu/decimal v0.0.0-20160513203630-9d980d3d4d03/go.mod h1:9/eJh32Tuj2UIuAT4Tp2Ah6XueCU9Kk9tAgZHHVLIdM=
github.com/BurntSushi/toml v0.3.1-0.20170626110600-a368813c5e64/go.mod h1:xHWCNGjB5oqiDr8zfno3MHue2Ht5sIBksp03qcyfWMU=
github.com/BurntSushi/toml v0.3.1 h1:WXkYYl6Yr3qBf1K79EBnL4mak0OimBfB0XUf9Vl28OQ=
github.com/BurntSushi/toml v0.3.1/go.mod h1:xHWCNGjB5oqiDr8zfno3MHue2Ht5sIBksp03qcyfWMU=
github.com/achiku/dgw v0.0.0-20190416015338-c5a842dc7b01 h1:zMdFzLluiulHXYgdXPIl1xVvQljqBhd758zLhwvWzss=
github.com/achiku/dgw v0.0.0-20190416015338-c5a842dc7b01/go.mod h1:A8eyYz85wO5A4NP17drW7xWa8At6kldnoP1B9wDGbJ8=
github.com/achiku/go-hashids v1.0.1-0.20170830121813-fac2474f6369/go.mod h1:5tKqNlPZrIEoIOeJ71KCvIejYWdO2rtm582als0lwjc=
github.com/achiku/hseq v0.0.0-20170219033849-161c956b28fc h1:u7hWn2V75eK/wL2wOF+AGpYzPo8c0h5hll/SYqpePlk=
github.com/achiku/hseq v0.0.0-20170219033849-161c956b28fc/go.mod h1:7jNQH7boqx7RzgoOHWuk7p1IHYuIM4J+aWlPeIB1edA=
github.com/achiku/mux v1.3.1-0.20170225064123-f8f482823297/go.mod h1:A8sHRxw3nwZk1CuWD7gUKeJgsWPwzGkOMwlmuPfXVJI=
github.com/achiku/ovw v0.0.0-20170122063250-e440c71ba88f h1:M0BKbM/prmFYDc33GXEq8i3fpiFOEAW46819lsmul3w=
github.com/achiku/ovw v0.0.0-20170122063250-e440c71ba88f/go.mod h1:OANXpbQtArsnf+oTkBoK6HqOKeNu3SPT7B/KO1w/jiI=
github.com/achiku/pgtxdb v0.0.0-20170427022842-6080c19a7268 h1:VWtwswTYqpB+RMDzrf5ZMai1GrKUqWhHsFJ2wYTsf9M=
github.com/achiku/pgtxdb v0.0.0-20170427022842-6080c19a7268/go.mod h1:zv/PV/10NkyVuoyMytwoP52Tn6TJws/Aqg9ZPZ0LE4I=
github.com/achiku/qg v0.0.0-20190611030604-1e0718275543/go.mod h1:PE4Itg5rCGfefFt5rJZe2cKqPGNMBTyy0julebls3Ro=
github.com/achiku/testsvr v0.0.0-20160714062603-a5b8d411580d h1:1K8MSq7tbj8j7tM8cEfZmrdxy6pOJjmNkvf5H5lMcXE=
github.com/achiku/testsvr v0.0.0-20160714062603-a5b8d411580d/go.mod h1:dK+NIC6YYVgFbNY0p8U4DnN5cbGzSuKNiVKyL9OHmsA=
github.com/achiku/varfmt v0.0.0-20160708124000-f820e1efecee h1:IfTwtLm+DUeY8kZ8NKSxGRr2kaCe8qqIpJz4Uwh1efU=
github.com/achiku/varfmt v0.0.0-20160708124000-f820e1efecee/go.mod h1:RKS7P4TSY/jV2QjH/ZxoAE2l4EEXZRPwQ/tIzXiFrk0=
github.com/achiku/xml v0.0.0-20160516105457-6df680e7a323 h1:o9AIHtW1csW1AArK+vJi4WmHS6n361CpHWYgKrQEd6U=
github.com/achiku/xml v0.0.0-20160516105457-6df680e7a323/go.mod h1:DD9nb7nE13l2ka5R3P8yj1M7GRlVMrzxNDrYQuNTOAc=
github.com/alecthomas/assert v0.0.0-20170929043011-405dbfeb8e38/go.mod h1:r7bzyVFMNntcxPZXK3/+KdruV1H5KSlyVY0gc+NgInI=
github.com/alecthomas/colour v0.0.0-20160524082231-60882d9e2721/go.mod h1:QO9JBoKquHd+jz9nshCh40fOfO+JzsoXy8qTHF68zU0=
github.com/alecthomas/repr v0.0.0-20181024024818-d37bc2a10ba1/go.mod h1:xTS7Pm1pD1mvyM075QCDSRqH6qRLXylzS24ZTpRiSzQ=
github.com/alecthomas/template v0.0.0-20160405071501-a0175ee3bccc h1:cAKDfWh5VpdgMhJosfJnn5/FoN2SRZ4p7fJNX58YPaU=
github.com/alecthomas/template v0.0.0-20160405071501-a0175ee3bccc/go.mod h1:LOuyumcjzFXgccqObfd/Ljyb9UuFJ6TxHnclSeseNhc=
github.com/alecthomas/units v0.0.0-20151022065526-2efee857e7cf h1:qet1QNfXsQxTZqLG4oE62mJzwPIB8+Tee4RNCL9ulrY=
github.com/alecthomas/units v0.0.0-20151022065526-2efee857e7cf/go.mod h1:ybxpYRFXyAe+OPACYpWeL0wqObRcbAqCMya13uyzqw0=
github.com/aws/aws-sdk-go v1.4.21-0.20170719221624-c99278599107 h1:kNPlGsxZphHDp2b1hskrVLpjW50YnhqR8nqHK0NtTJA=
github.com/aws/aws-sdk-go v1.4.21-0.20170719221624-c99278599107/go.mod h1:ZRmQr0FajVIyZ4ZzBYKG5P3ZqPz9IHG41ZoMu1ADI3k=
github.com/blang/semver v3.5.1-0.20170202183821-4a1e882c79dc+incompatible/go.mod h1:kRBLl5iJ+tD4TcOOxsy/0fnwebNt5EWlYSAyrTnjyyk=
github.com/certifi/gocertifi v0.0.0-20190410005359-59a85de7f35e/go.mod h1:GJKEexRPVJrBSOjoqN5VNOIKJ5Q3RViH6eu3puDRwx4=
github.com/davecgh/go-spew v1.1.0/go.mod h1:J7Y8YcW2NihsgmVo/mv3lAwl/skON4iLHjSsI+c5H38=
github.com/davecgh/go-spew v1.1.1/go.mod h1:J7Y8YcW2NihsgmVo/mv3lAwl/skON4iLHjSsI+c5H38=
github.com/daviddengcn/go-colortext v0.0.0-20180409174941-186a3d44e920/go.mod h1:dv4zxwHi5C/8AeI+4gX4dCWOIvNi7I6JCSX0HvlKPgE=
github.com/dgrijalva/jwt-go v3.2.0+incompatible h1:7qlOGliEKZXTDg6OTjfoBKDXWrumCAMpl/TFQ4/5kLM=
github.com/dgrijalva/jwt-go v3.2.0+incompatible/go.mod h1:E3ru+11k8xSBh+hMPgOLZmtrrCbhqsmaPHjLKYnJCaQ=
github.com/dustin/go-humanize v0.0.0-20170228161531-259d2a102b87 h1:uPzP/9GIqYKvZAmz4IayKMMZiWRWNtGynUREBtTXPXA=
github.com/dustin/go-humanize v0.0.0-20170228161531-259d2a102b87/go.mod h1:HtrtbFcZ19U5GC7JDqmcUSB87Iq5E25KnS6fMYU6eOk=
github.com/fatih/structs v1.0.1-0.20170612125544-7e5a8eef611e h1:wh+PT2w8MKy0g4paME7HC/yXLDIGl80cJ5WFjt0bm2U=
github.com/fatih/structs v1.0.1-0.20170612125544-7e5a8eef611e/go.mod h1:9NiDSp5zOcgEDl+j00MP/WkGVPOlPRLejGD8Ga6PJ7M=
github.com/fortytw2/leaktest v1.3.0/go.mod h1:jDsjWgpAGjm2CA7WthBh/CdZYEPF31XHquHwclZch5g=
github.com/fukata/golang-stats-api-handler v1.0.1-0.20160325105040-ab9f90f16caa/go.mod h1:1sIi4/rHq6s/ednWMZqTmRq3765qTUSs/c3xF6lj8J8=
github.com/getsentry/raven-go v0.0.0-20170614100719-d175f85701df/go.mod h1:KungGk8q33+aIAZUIVWZDr2OfAEBsO49PX4NzFV5kcQ=
github.com/go-ini/ini v1.42.0 h1:TWr1wGj35+UiWHlBA8er89seFXxzwFn11spilrrj+38=
github.com/go-ini/ini v1.42.0/go.mod h1:ByCAeIL28uOIIG0E3PJtZPDL8WnHpFKFOtgjp+3Ies8=
github.com/google/go-cmp v0.2.0/go.mod h1:oXzfMopK8JAjlY9xF4vHSVASa0yLyX7SntLO5aqRK0M=
github.com/google/gops v0.3.2-0.20170513000112-ccfb39d8547e/go.mod h1:pMQgrscwEK/aUSW1IFSaBPbJX82FPHWaSoJw1axQfD0=
github.com/gopherjs/gopherjs v0.0.0-20181017120253-0766667cb4d1/go.mod h1:wJfORRmW1u3UXTncJ5qlYoELFm8eSnnEO6hX4iZ3EWY=
github.com/gorilla/context v1.1.1/go.mod h1:kBGZzfjB9CEq2AlWe17Uuf7NDRt0dE0s8S51q0aT7Yg=
github.com/gorilla/mux v1.7.2 h1:zoNxOV7WjqXptQOVngLmcSQgXmgk4NMz1HibBchjl/I=
github.com/gorilla/mux v1.7.2/go.mod h1:1lud6UwP+6orDFRuTfBEV8e9/aOM/c4fVVCaMa2zaAs=
github.com/gorilla/schema v0.0.0-20170612215433-8b1100835db5 h1:GTVCxGjmO7xS2eRttDzjYIcR8iPqdz6SNnYiSd6wXOA=
github.com/gorilla/schema v0.0.0-20170612215433-8b1100835db5/go.mod h1:kgLaKoK1FELgZqMAVxx/5cbj0kT+57qxUrAlIO2eleU=
github.com/hashicorp/go-version v1.1.0/go.mod h1:fltr4n8CU8Ke44wwGCBoEymUuxUHl09ZGVZPK5anwXA=
github.com/jackc/fake v0.0.0-20150926172116-812a484cc733/go.mod h1:WrMFNQdiFJ80sQsxDoMokWK1W5TQtxBFNpzWTD84ibQ=
github.com/jackc/pgx v3.0.1-0.20170728201109-511b90478f17+incompatible/go.mod h1:0ZGrqGqkRlliWnWB4zKnWtjbSWbGkVEFm4TeybAXq+I=
github.com/jackc/pgx v3.4.0+incompatible h1:XRfh5KFhf3AVttfC0D93ij0oNNGYlSm0xlc532nXdBM=
github.com/jackc/pgx v3.4.0+incompatible/go.mod h1:0ZGrqGqkRlliWnWB4zKnWtjbSWbGkVEFm4TeybAXq+I=
github.com/jmespath/go-jmespath v0.0.0-20180206201540-c2b33e8439af h1:pmfjZENx5imkbgOkpRUYLnmbU7UEFbjtDA2hxJ1ichM=
github.com/jmespath/go-jmespath v0.0.0-20180206201540-c2b33e8439af/go.mod h1:Nht3zPeWKUH0NzdCt2Blrr5ys8VGpn0CEB0cQHVjt7k=
github.com/jtolds/gls v4.20.0+incompatible/go.mod h1:QJZ7F/aHp+rZTRtaJ1ow/lLfFfVYBRgL+9YlvaHOwJU=
github.com/justinas/alice v0.0.0-20160512134231-052b8b6c18ed/go.mod h1:oLH0CmIaxCGXD67VKGR5AacGXZSMznlmeqM8RzPrcY8=
github.com/kanmu/vandle-api-server v0.0.0-20190612072657-0040866def21 h1:OJdJCIoomVIxukqBF+DioGiiRYIKHgWF1koYeGaLBBg=
github.com/kanmu/vandle-api-server v0.0.0-20190612072657-0040866def21/go.mod h1:gc4mMxrp2U9Qaz3oq6nTA+LA/GK+LYY53+p6QY/uUks=
github.com/kardianos/osext v0.0.0-20190222173326-2bc1f35cddc0/go.mod h1:1NbS8ALrpOvjt0rHPNLyCIeMtbizbir8U//inJ+zuB8=
github.com/lestrrat-go/jspointer v0.0.0-20181205001929-82fadba7561c h1:pGh5EFIfczeDHwgMHgfwjhZzL+8/E3uZF6T7vER/W8c=
github.com/lestrrat-go/jspointer v0.0.0-20181205001929-82fadba7561c/go.mod h1:xw2Gm4Mg+ST9s8fHR1VkUIyOJMJnSloRZlPQB+wyVpY=
github.com/lestrrat-go/jsref v0.0.0-20181205001954-1b590508f37d h1:1eeFdKL5ySmmYevvKv7iECIc4dTATeKTtBqP4/nXxDk=
github.com/lestrrat-go/jsref v0.0.0-20181205001954-1b590508f37d/go.mod h1:h+r25adx46+IvUSt/rTTvXNnCDnu3lRTkMPPR/GdCwk=
github.com/lestrrat-go/jsschema v0.0.0-20181205002244-5c81c58ffcc3/go.mod h1:SVfIykmWQyFuRToBTKQ8AcveWeOunS2phYxA8hJ/6Gg=
github.com/lestrrat-go/jsval v0.0.0-20181205002323-20277e9befc0 h1:w4rIjeCV/gQpxtn3i1voyF6Hd7v1mRGIB63F7RZOk1U=
github.com/lestrrat-go/jsval v0.0.0-20181205002323-20277e9befc0/go.mod h1:hazjwMAn+trtmUnjvhIzSIZ0YS+2egAMonQMjDhcC2s=
github.com/lestrrat-go/pdebug v0.0.0-20180220043849-39f9a71bcabe h1:S7XSBlgc/eI2v47LkPPVa+infH3FuTS4tPJbqCtJovo=
github.com/lestrrat-go/pdebug v0.0.0-20180220043849-39f9a71bcabe/go.mod h1:zvUY6gZZVL2nu7NM+/3b51Z/hxyFZCZxV0hvfZ3NJlg=
github.com/lestrrat-go/structinfo v0.0.0-20190212233437-acd51874663b h1:YUFRoeHK/mvRjBR0bBRDC7ZGygYchoQ8j1xMENlObro=
github.com/lestrrat-go/structinfo v0.0.0-20190212233437-acd51874663b/go.mod h1:s2U6PowV3/Jobkx/S9d0XiPwOzs6niW3DIouw+7nZC8=
github.com/lib/pq v1.1.0/go.mod h1:5WUZQaWbwv1U+lTReE5YruASi9Al49XbQIvNi/34Woo=
github.com/lib/pq v1.1.1 h1:sJZmqHoEaY7f+NPP8pgLB/WxulyR3fewgCM2qaSlBb4=
github.com/lib/pq v1.1.1/go.mod h1:5WUZQaWbwv1U+lTReE5YruASi9Al49XbQIvNi/34Woo=
github.com/mailru/easyjson v0.0.0-20190403194419-1ea4449da983 h1:wL11wNW7dhKIcRCHSm4sHKPWz0tt4mwBsVodG7+Xyqg=
github.com/mailru/easyjson v0.0.0-20190403194419-1ea4449da983/go.mod h1:C1wdFJiN94OJF2b5HbByQZoLdCWB1Yqtg26g4irojpc=
github.com/mattn/go-colorable v0.1.0 h1:v2XXALHHh6zHfYTJ+cSkwtyffnaOyR1MXaA91mTrb8o=
github.com/mattn/go-colorable v0.1.0/go.mod h1:9vuHe8Xs5qXnSaW/c/ABM9alt+Vo+STaOChaDxuIBZU=
github.com/mattn/go-isatty v0.0.7 h1:UvyT9uN+3r7yLEYSlJsbQGdsaB/a0DlgWP3pql6iwOc=
github.com/mattn/go-isatty v0.0.7/go.mod h1:Iq45c/XA43vh69/j3iqttzPXn0bhXyGjM0Hdxcsrc5s=
github.com/mattn/gom v0.0.0-20180521004703-ffd4fbec58ae/go.mod h1:Co/aoePVebgQKV4t8s/o6zj7iAl5+l4W94e8/+w0Kqc=
github.com/mattn/gover v0.0.0-20161108101310-3d388d8d9575/go.mod h1:RXY5R8Wuef0LD1WeglnGXXd1THQb5MX0Q5HBlc5qZjM=
github.com/mitchellh/mapstructure v1.1.2 h1:fmNYVwqnSfB9mZU6OS2O6GsXM+wcskZDuKQzvN1EDeE=
github.com/mitchellh/mapstructure v1.1.2/go.mod h1:FVVH3fgwuzCH5S8UJGiWEs2h04kUh9fWfEaFds41c1Y=
github.com/newrelic/go-agent v1.9.0/go.mod h1:a8Fv1b/fYhFSReoTU6HDkTYIMZeSVNffmoS726Y0LzQ=
github.com/olivere/elastic v6.2.17-0.20190204160516-f82cf7c66881+incompatible h1:ZmEDe4aR7TtBKyiRjPWp4vD5DilC6DuQ3LDJu31YyrI=
github.com/olivere/elastic v6.2.17-0.20190204160516-f82cf7c66881+incompatible/go.mod h1:J+q1zQJTgAz9woqsbVRqGeB5G1iqDKVBWLNSYW8yfJ8=
github.com/pkg/errors v0.8.1-0.20170505043639-c605e284fe17/go.mod h1:bwawxfHBFNV+L2hUp1rHADufV3IMtnDRdf1r5NINEl0=
github.com/pkg/errors v0.8.1 h1:iURUrRGxPUNPdy5/HRSm+Yj6okJ6UtLINN0Q9M4+h3I=
github.com/pkg/errors v0.8.1/go.mod h1:bwawxfHBFNV+L2hUp1rHADufV3IMtnDRdf1r5NINEl0=
github.com/pmezard/go-difflib v1.0.0/go.mod h1:iKH77koFhYxTK1pcRnkKkqfTogsbg7gZNVY4sRDYZ/4=
github.com/rs/cors v1.6.0/go.mod h1:gFx+x8UowdsKA9AchylcLynDq+nNFfI8FkUZdN/jGCU=
github.com/rs/xhandler v0.0.0-20170707052532-1eb70cf1520d/go.mod h1:RvLn4FgxWubrpZHtQLnOf6EwhN2hEMusxZOhcW9H3UQ=
github.com/rs/xid v1.2.1 h1:mhH9Nq+C1fY2l1XIpgxIiUOfNpRBYH1kKcr+qfKgjRc=
github.com/rs/xid v1.2.1/go.mod h1:+uKXf+4Djp6Md1KODXJxgGQPKngRmWyn10oCKFzNHOQ=
github.com/rs/xlog v0.0.0-20170520094607-6d906165439a h1:uzUvvlKmwAoXGu/YzZDluKNaLwZE+9EjRpECAt/w/Ak=
github.com/rs/xlog v0.0.0-20170520094607-6d906165439a/go.mod h1:PJ0wmxt3GdhZAbIT0S8HQXsHuLt11tPiF8bUKXUV77w=
github.com/satori/go.uuid v1.1.1-0.20170321230731-5bf94b69c6b6 h1:oZag5hylqWwZrDdj/laMwWQnXaeWBQf66qm4PGQI6Wc=
github.com/satori/go.uuid v1.1.1-0.20170321230731-5bf94b69c6b6/go.mod h1:dA0hQrYB0VpLJoorglMZABFdXlWrHn1NEOzdhQKdks0=
github.com/sergi/go-diff v1.0.0/go.mod h1:0CfEIISq7TuYL3j771MWULgwwjU+GofnZX9QAmXWZgo=
github.com/shogo82148/go-gracedown v0.0.0-20170122135026-c030b2477760/go.mod h1:LwdUqq5J2dAYwmCK7c+9yNP2pXzJLfL6OyYd7FlSGiI=
github.com/shopspring/decimal v0.0.0-20180709203117-cd690d0c9e24/go.mod h1:M+9NzErvs504Cn4c5DxATwIqPbtswREoFCre64PpcG4=
github.com/skip2/go-qrcode v0.0.0-20171229120447-cf5f9fa2f0d8 h1:5C4yAeYifeRO+7z2/H2kxL8tJZE9ZE9LpxK6YUZPByo=
github.com/skip2/go-qrcode v0.0.0-20171229120447-cf5f9fa2f0d8/go.mod h1:PLPIyL7ikehBD1OAjmKKiOEhbvWyHGaNDjquXMcYABo=
github.com/smartystreets/assertions v0.0.0-20180927180507-b2de0cb4f26d/go.mod h1:OnSkiWE9lh6wB0YB77sQom3nweQdgAjqCqsofrRNTgc=
github.com/smartystreets/goconvey v0.0.0-20190330032615-68dc04aab96a/go.mod h1:syvi0/a8iFYH4r/RixwvyeAJjdLS9QV7WQ/tjFTllLA=
github.com/stretchr/objx v0.1.0/go.mod h1:HFkY916IF+rwdDfMAkV7OtwuqBVzrE8GR6GFx+wExME=
github.com/stretchr/testify v1.3.0/go.mod h1:M5WIy9Dh21IEIfnGCwXGc5bZfKNJtfHm1UVUgZn+9EI=
github.com/tdewolff/minify v2.3.7-0.20181101065125-1920ee718c16+incompatible h1:8M925T7cEkxl/NC0C8nR5UabnEJnv9eZF6Z1sehVhPg=
github.com/tdewolff/minify v2.3.7-0.20181101065125-1920ee718c16+incompatible/go.mod h1:9Ov578KJUmAWpS6NeZwRZyT56Uf6o3Mcz9CEsg8USYs=
github.com/tdewolff/parse v2.3.4+incompatible h1:x05/cnGwIMf4ceLuDMBOdQ1qGniMoxpP46ghf0Qzh38=
github.com/tdewolff/parse v2.3.4+incompatible/go.mod h1:8oBwCsVmUkgHO8M5iCzSIDtpzXOT0WXX9cWhz+bIzJQ=
github.com/tdewolff/test v1.0.0/go.mod h1:DiQUlutnqlEvdvhSn2LPGy4TFwRauAaYDsL+683RNX4=
github.com/trong/xlog-sentry v0.0.0-20151217141431-bdc5d38507fb/go.mod h1:9+hqG/zTpDUv9hyRWPYuC1m0CtW+hb25266m1GCIx1A=
github.com/urfave/cli v1.20.1-0.20180821064027-934abfb2f102/go.mod h1:70zkFmudgCuE/ngEzBv17Jvp/497gISqfk5gWijbERA=
github.com/vincent-petithory/dataurl v0.0.0-20160330182126-9a301d65acbb h1:lyL3z7vYwTWXf4/bI+A01+cCSnfhKIBhy+SQ46Z/ml8=
github.com/vincent-petithory/dataurl v0.0.0-20160330182126-9a301d65acbb/go.mod h1:FHafX5vmDzyP+1CQATJn7WFKc9CvnvxyvZy6I1MrG/U=
github.com/xeipuuv/gojsonpointer v0.0.0-20180127040702-4e3ac2762d5f/go.mod h1:N2zxlSyiKSe5eX1tZViRH5QA0qijqEDrYZiPEAiq3wU=
github.com/xeipuuv/gojsonreference v0.0.0-20180127040603-bd5ef7bd5415/go.mod h1:GwrjFmJcFw6At/Gs6z4yjiIwzuJ1/+UwLxMQDVQXShQ=
github.com/xeipuuv/gojsonschema v1.1.0/go.mod h1:5yf86TLmAcydyeJq5YvxkGPE2fm/u4myDekKRoLuqhs=
github.com/yut-kt/goholiday v0.0.0-20171118074514-8085670e50d9 h1:A2V6B9mTSjV5g0ywl+HbTkrW2RHBQy6gwWCcmaVGUMk=
github.com/yut-kt/goholiday v0.0.0-20171118074514-8085670e50d9/go.mod h1:pgkHLJD/FjdhQtENPE2Q8TkQ+y31hwjODFVsd9O+JJ4=
golang.org/x/crypto v0.0.0-20190308221718-c2843e01d9a2/go.mod h1:djNgcEr1/C05ACkg1iLfiJU5Ep61QUkGW8qpdssI0+w=
golang.org/x/crypto v0.0.0-20190426145343-a29dc8fdc734/go.mod h1:yigFU9vqHzYiE8UmvKecakEJjdnWj3jj499lnFckfCI=
golang.org/x/crypto v0.0.0-20190530122614-20be4c3c3ed5 h1:8dUaAV7K4uHsF56JQWkprecIQKdPHtR9jCHF5nB8uzc=
golang.org/x/crypto v0.0.0-20190530122614-20be4c3c3ed5/go.mod h1:yigFU9vqHzYiE8UmvKecakEJjdnWj3jj499lnFckfCI=
golang.org/x/crypto v0.0.0-20190605123033-f99c8df09eb5 h1:58fnuSXlxZmFdJyvtTFVmVhcMLU6v5fEb/ok4wyqtNU=
golang.org/x/crypto v0.0.0-20190605123033-f99c8df09eb5/go.mod h1:yigFU9vqHzYiE8UmvKecakEJjdnWj3jj499lnFckfCI=
golang.org/x/net v0.0.0-20190311183353-d8887717615a/go.mod h1:t9HGtf8HONx5eT2rtn7q6eTqICYqUVnKs3thJo3Qplg=
golang.org/x/net v0.0.0-20190404232315-eb5bcb51f2a3/go.mod h1:t9HGtf8HONx5eT2rtn7q6eTqICYqUVnKs3thJo3Qplg=
golang.org/x/net v0.0.0-20190424112056-4829fb13d2c6/go.mod h1:t9HGtf8HONx5eT2rtn7q6eTqICYqUVnKs3thJo3Qplg=
golang.org/x/sys v0.0.0-20190215142949-d0b11bdaac8a/go.mod h1:STP8DvDyc/dI5b8T5hshtkjS+E42TnysNCUPdjciGhY=
golang.org/x/sys v0.0.0-20190222072716-a9d3bda3a223/go.mod h1:STP8DvDyc/dI5b8T5hshtkjS+E42TnysNCUPdjciGhY=
golang.org/x/sys v0.0.0-20190412213103-97732733099d/go.mod h1:h1NjWce9XRLGQEsW7wpKNCjG9DtNlClVuFLEZdDNbEs=
golang.org/x/sys v0.0.0-20190426135247-a129542de9ae/go.mod h1:h1NjWce9XRLGQEsW7wpKNCjG9DtNlClVuFLEZdDNbEs=
golang.org/x/text v0.3.0 h1:g61tztE5qeGQ89tm6NTjjM9VPIm088od1l6aSorWRWg=
golang.org/x/text v0.3.0/go.mod h1:NqM8EUOU14njkJ3fqMW+pc6Ldnwhi/IjpwHt7yyuwOQ=
golang.org/x/text v0.3.2 h1:tW2bmiBqwgJj/UpqtC8EpXEZVYOwU0yG4iWbprSVAcs=
golang.org/x/text v0.3.2/go.mod h1:bEr9sfX3Q8Zfm5fL9x+3itogRgK3+ptLWKqgva+5dAk=
golang.org/x/tools v0.0.0-20180917221912-90fa682c2a6e/go.mod h1:n7NCudcB/nEzxVGmLbDWY5pfWTLqBcC2KZ6jyYvM4mQ=
golang.org/x/tools v0.0.0-20190328211700-ab21143f2384/go.mod h1:LCzVGOaR6xXOjkQ3onu1FJEFr0SW1gC7cKk1uF8kGRs=
gopkg.in/alecthomas/kingpin.v2 v2.2.4/go.mod h1:FMv+mEhP44yOT+4EoQTLFTRgOQ1FBLkstjWtayDeSgw=
gopkg.in/alecthomas/kingpin.v2 v2.2.6 h1:jMFz6MfLP0/4fUyZle81rXUoxOBFi19VUFKVDOQfozc=
gopkg.in/alecthomas/kingpin.v2 v2.2.6/go.mod h1:FMv+mEhP44yOT+4EoQTLFTRgOQ1FBLkstjWtayDeSgw=
gopkg.in/guregu/null.v3 v3.4.0 h1:AOpMtZ85uElRhQjEDsFx21BkXqFPwA7uoJukd4KErIs=
gopkg.in/guregu/null.v3 v3.4.0/go.mod h1:E4tX2Qe3h7QdL+uZ3a0vqvYwKQsRSQKM5V4YltdgH9Y=
gopkg.in/ini.v1 v1.42.0/go.mod h1:pNLf8WUiyNEtQjuu5G5vTm06TEv9tsIgeAvK8hOrP4k=
